[[package]]
name = "paho-mqtt"
version = "2.0.0"
description = "MQTT version 5.0/3.1.1 client class"
category = "main"
optional = false
python-versions = ">=3.7"

[package.extras]
proxy = ["pysocks"]

[metadata]
lock-version = "1.1"
python-versions = "^3.9"
content-hash = "c1dbd00b9e71fd42a8a1f15900a5ea4ace4bd4694b6f32750cdee251da879919"

[metadata.files]
paho-mqtt = [
    {file = "paho_mqtt-2.0.0-py3-none-any.whl", hash = "sha256:2ef745073dfc9aa68bfec30d0b9b6f0304ea75182bae85a7c77a80cefce1eff5"},
    {file = "paho_mqtt-2.0.0.tar.gz", hash = "sha256:13b205f29251e4f2c66a6c923c31fc4fd780561e03b2d775cff8e4f2915cf947"},
]
